
Microsoft Visual Studio Solution File, Format Version 12.00
# Visual Studio Version 17
VisualStudioVersion = 17.13.35919.96 d17.13
MinimumVisualStudioVersion = 10.0.40219.1
Project("{FAE04EC0-301F-11D3-BF4B-00C04F79EFBC}") = "Issue18666", "Issue18666\Issue18666.csproj", "{B60248C3-8690-4495-8BC0-6BEDE57101A3}"
EndProject
Global
	GlobalSection(SolutionConfigurationPlatforms) = preSolution
		Debug|Any CPU = Debug|Any CPU
		Release|Any CPU = Release|Any CPU
	EndGlobalSection
	GlobalSection(ProjectConfigurationPlatforms) = postSolution
		{B60248C3-8690-4495-8BC0-6BEDE57101A3}.Debug|Any CPU.ActiveCfg = Debug|Any CPU
		{B60248C3-8690-4495-8BC0-6BEDE57101A3}.Debug|Any CPU.Build.0 = Debug|Any CPU
		{B60248C3-8690-4495-8BC0-6BEDE57101A3}.Release|Any CPU.ActiveCfg = Release|Any CPU
		{B60248C3-8690-4495-8BC0-6BEDE57101A3}.Release|Any CPU.Build.0 = Release|Any CPU
	EndGlobalSection
	GlobalSection(SolutionProperties) = preSolution
		HideSolutionNode = FALSE
	EndGlobalSection
	GlobalSection(ExtensibilityGlobals) = postSolution
		SolutionGuid = {7EAAB575-266A-4A83-A831-AA752A537236}
	EndGlobalSection
EndGlobal
